// !$*UTF8*$!
{
	archiveVersion = 1;
	classes = {
	};
	objectVersion = 46;
	objects = {

/* Begin PBXBuildFile section */
		A41794A71FA057FC007986A2 /* AppDelegate.swift in Sources */ = {isa = PBXBuildFile; fileRef = A41794A61FA057FC007986A2 /* AppDelegate.swift */; };
		A41794A91FA057FC007986A2 /* ViewController.swift in Sources */ = {isa = PBXBuildFile; fileRef = A41794A81FA057FC007986A2 /* ViewController.swift */; };
		A41794AC1FA057FC007986A2 /* Main.storyboard in Resources */ = {isa = PBXBuildFile; fileRef = A41794AA1FA057FC007986A2 /* Main.storyboard */; };
		A41794AE1FA057FC007986A2 /* Assets.xcassets in Resources */ = {isa = PBXBuildFile; fileRef = A41794AD1FA057FC007986A2 /* Assets.xcassets */; };
		A41794B11FA057FC007986A2 /* LaunchScreen.storyboard in Resources */ = {isa = PBXBuildFile; fileRef = A41794AF1FA057FC007986A2 /* LaunchScreen.storyboard */; };
		A41794B91FA07F2A007986A2 /* FactProvider.swift in Sources */ = {isa = PBXBuildFile; fileRef = A41794B81FA07F29007986A2 /* FactProvider.swift */; };
		A41794BB1FA157B9007986A2 /* BackgroundColorProvider.swift in Sources */ = {isa = PBXBuildFile; fileRef = A41794BA1FA157B9007986A2 /* BackgroundColorProvider.swift */; };
/* End PBXBuildFile section */

/* Begin PBXFileReference section */
		A41794A31FA057FC007986A2 /* FunFact.app */ = {isa = PBXFileReference; explicitFileType = wrapper.application; includeInIndex = 0; path = FunFact.app; sourceTree = BUILT_PRODUCTS_DIR; };
		A41794A61FA057FC007986A2 /* AppDelegate.swift */ = {isa = PBXFileReference; lastKnownFileType = sourcecode.swift; path = AppDelegate.swift; sourceTree = "<group>"; };
		A41794A81FA057FC007986A2 /* ViewController.swift */ = {isa = PBXFileReference; lastKnownFileType = sourcecode.swift; path = ViewController.swift; sourceTree = "<group>"; };
		A41794AB1FA057FC007986A2 /* Base */ = {isa = PBXFileReference; lastKnownFileType = file.storyboard; name = Base; path = Base.lproj/Main.storyboard; sourceTree = "<group>"; };
		A41794AD1FA057FC007986A2 /* Assets.xcassets */ = {isa = PBXFileReference; lastKnownFileType = folder.assetcatalog; path = Assets.xcassets; sourceTree = "<group>"; };
		A41794B01FA057FC007986A2 /* Base */ = {isa = PBXFileReference; lastKnownFileType = file.storyboard; name = Base; path = Base.lproj/LaunchScreen.storyboard; sourceTree = "<group>"; };
		A41794B21FA057FC007986A2 /* Info.plist */ = {isa = PBXFileReference; lastKnownFileType = text.plist.xml; path = Info.plist; sourceTree = "<group>"; };
		A41794B81FA07F29007986A2 /* FactProvider.swift */ = {isa = PBXFileReference; fileEncoding = 4; lastKnownFileType = sourcecode.swift; path = FactProvider.swift; sourceTree = "<group>"; };
		A41794BA1FA157B9007986A2 /* BackgroundColorProvider.swift */ = {isa = PBXFileReference; fileEncoding = 4; lastKnownFileType = sourcecode.swift; path = BackgroundColorProvider.swift; sourceTree = "<group>"; };
/* End PBXFileReference section */

/* Begin PBXFrameworksBuildPhase section */
		A41794A01FA057FC007986A2 /* Frameworks */ = {
			isa = PBXFrameworksBuildPhase;
			buildActionMask = 2147483647;
			files = (
			);
			runOnlyForDeploymentPostprocessing = 0;
		};
/* End PBXFrameworksBuildPhase section */

/* Begin PBXGroup section */
		A417949A1FA057FB007986A2 = {
			isa = PBXGroup;
			children = (
				A41794A51FA057FC007986A2 /* FunFact */,
				A41794A41FA057FC007986A2 /* Products */,
			);
			sourceTree = "<group>";
		};
		A41794A41FA057FC007986A2 /* Products */ = {
			isa = PBXGroup;
			children = (
				A41794A31FA057FC007986A2 /* FunFact.app */,
			);
			name = Products;
			sourceTree = "<group>";
		};
		A41794A51FA057FC007986A2 /* FunFact */ = {
			isa = PBXGroup;
			children = (
				A41794A61FA057FC007986A2 /* AppDelegate.swift */,
				A41794A81FA057FC007986A2 /* ViewController.swift */,
				A41794AA1FA057FC007986A2 /* Main.storyboard */,
				A41794AD1FA057FC007986A2 /* Assets.xcassets */,
				A41794AF1FA057FC007986A2 /* LaunchScreen.storyboard */,
				A41794B21FA057FC007986A2 /* Info.plist */,
				A41794B81FA07F29007986A2 /* FactProvider.swift */,
				A41794BA1FA157B9007986A2 /* BackgroundColorProvider.swift */,
			);
			path = FunFact;
			sourceTree = "<group>";
		};
/* End PBXGroup section */

/* Begin PBXNativeTarget section */
		A41794A21FA057FC007986A2 /* FunFact */ = {
			isa = PBXNativeTarget;
			buildConfigurationList = A41794B51FA057FC007986A2 /* Build configuration list for PBXNativeTarget "FunFact" */;
			buildPhases = (
				A417949F1FA057FC007986A2 /* Sources */,
				A41794A01FA057FC007986A2 /* Frameworks */,
				A41794A11FA057FC007986A2 /* Resources */,
			);
			buildRules = (
			);
			dependencies = (
			);
			name = FunFact;
			productName = FunFact;
			productReference = A41794A31FA057FC007986A2 /* FunFact.app */;
			productType = "com.apple.product-type.application";
		};
/* End PBXNativeTarget section */

/* Begin PBXProject section */
		A417949B1FA057FB007986A2 /* Project object */ = {
			isa = PBXProject;
			attributes = {
				LastSwiftUpdateCheck = 0730;
				LastUpgradeCheck = 0730;
				ORGANIZATIONNAME = KuduBisa;
				TargetAttributes = {
					A41794A21FA057FC007986A2 = {
						CreatedOnToolsVersion = 7.3.1;
					};
				};
			};
			buildConfigurationList = A417949E1FA057FB007986A2 /* Build configuration list for PBXProject "FunFact" */;
			compatibilityVersion = "Xcode 3.2";
			developmentRegion = English;
			hasScannedForEncodings = 0;
			knownRegions = (
				en,
				Base,
			);
			mainGroup = A417949A1FA057FB007986A2;
			productRefGroup = A41794A41FA057FC007986A2 /* Products */;
			projectDirPath = "";
			projectRoot = "";
			targets = (
				A41794A21FA057FC007986A2 /* FunFact */,
			);
		};
/* End PBXProject section */

/* Begin PBXResourcesBuildPhase section */
		A41794A11FA057FC007986A2 /* Resources */ = {
			isa = PBXResourcesBuildPhase;
			buildActionMask = 2147483647;
			files = (
				A41794B11FA057FC007986A2 /* LaunchScreen.storyboard in Resources */,
				A41794AE1FA057FC007986A2 /* Assets.xcassets in Resources */,
				A41794AC1FA057FC007986A2 /* Main.storyboard in Resources */,
			);
			runOnlyForDeploymentPostprocessing = 0;
		};
/* End PBXResourcesBuildPhase section */

/* Begin PBXSourcesBuildPhase section */
		A417949F1FA057FC007986A2 /* Sources */ = {
			isa = PBXSourcesBuildPhase;
			buildActionMask = 2147483647;
			files = (
				A41794A91FA057FC007986A2 /* ViewController.swift in Sources */,
				A41794A71FA057FC007986A2 /* AppDelegate.swift in Sources */,
				A41794BB1FA157B9007986A2 /* BackgroundColorProvider.swift in Sources */,
				A41794B91FA07F2A007986A2 /* FactProvider.swift in Sources */,
			);
			runOnlyForDeploymentPostprocessing = 0;
		};
/* End PBXSourcesBuildPhase section */

/* Begin PBXVariantGroup section */
		A41794AA1FA057FC007986A2 /* Main.storyboard */ = {
			isa = PBXVariantGroup;
			children = (
				A41794AB1FA057FC007986A2 /* Base */,
			);
			name = Main.storyboard;
			sourceTree = "<group>";
		};
		A41794AF1FA057FC007986A2 /* LaunchScreen.storyboard */ = {
			isa = PBXVariantGroup;
			children = (
				A41794B01FA057FC007986A2 /* Base */,
			);
			name = LaunchScreen.storyboard;
			sourceTree = "<group>";
		};
/* End PBXVariantGroup section */

/* Begin XCBuildConfiguration section */
		A41794B31FA057FC007986A2 /* Debug */ = {
			isa = XCBuildConfiguration;
			buildSettings = {
				ALWAYS_SEARCH_USER_PATHS = NO;
				CLANG_ANALYZER_NONNULL = YES;
				CLANG_CXX_LANGUAGE_STANDARD = "gnu++0x";
				CLANG_CXX_LIBRARY = "libc++";
				CLANG_ENABLE_MODULES = YES;
				CLANG_ENABLE_OBJC_ARC = YES;
				CLANG_WARN_BOOL_CONVERSION = YES;
				CLANG_WARN_CONSTANT_CONVERSION = YES;
				CLANG_WARN_DIRECT_OBJC_ISA_USAGE = YES_ERROR;
				CLANG_WARN_EMPTY_BODY = YES;
				CLANG_WARN_ENUM_CONVERSION = YES;
				CLANG_WARN_INT_CONVERSION = YES;
				CLANG_WARN_OBJC_ROOT_CLASS = YES_ERROR;
				CLANG_WARN_UNREACHABLE_CODE = YES;
				CLANG_WARN__DUPLICATE_METHOD_MATCH = YES;
				"CODE_SIGN_IDENTITY[sdk=iphoneos*]" = "iPhone Developer";
				COPY_PHASE_STRIP = NO;
				DEBUG_INFORMATION_FORMAT = dwarf;
				ENABLE_STRICT_OBJC_MSGSEND = YES;
				ENABLE_TESTABILITY = YES;
				GCC_C_LANGUAGE_STANDARD = gnu99;
				GCC_DYNAMIC_NO_PIC = NO;
				GCC_NO_COMMON_BLOCKS = YES;
				GCC_OPTIMIZATION_LEVEL = 0;
				GCC_PREPROCESSOR_DEFINITIONS = (
					"DEBUG=1",
					"$(inherited)",
				);
				GCC_WARN_64_TO_32_BIT_CONVERSION = YES;
				GCC_WARN_ABOUT_RETURN_TYPE = YES_ERROR;
				GCC_WARN_UNDECLARED_SELECTOR = YES;
				GCC_WARN_UNINITIALIZED_AUTOS = YES_AGGRESSIVE;
				GCC_WARN_UNUSED_FUNCTION = YES;
				GCC_WARN_UNUSED_VARIABLE = YES;
				IPHONEOS_DEPLOYMENT_TARGET = 9.3;
				MTL_ENABLE_DEBUG_INFO = YES;
				ONLY_ACTIVE_ARCH = YES;
				SDKROOT = iphoneos;
				SWIFT_OPTIMIZATION_LEVEL = "-Onone";
			};
			name = Debug;
		};
		A41794B41FA057FC007986A2 /* Release */ = {
			isa = XCBuildConfiguration;
			buildSettings = {
				ALWAYS_SEARCH_USER_PATHS = NO;
				CLANG_ANALYZER_NONNULL = YES;
				CLANG_CXX_LANGUAGE_STANDARD = "gnu++0x";
				CLANG_CXX_LIBRARY = "libc++";
				CLANG_ENABLE_MODULES = YES;
				CLANG_ENABLE_OBJC_ARC = YES;
				CLANG_WARN_BOOL_CONVERSION = YES;
				CLANG_WARN_CONSTANT_CONVERSION = YES;
				CLANG_WARN_DIRECT_OBJC_ISA_USAGE = YES_ERROR;
				CLANG_WARN_EMPTY_BODY = YES;
				CLANG_WARN_ENUM_CONVERSION = YES;
				CLANG_WARN_INT_CONVERSION = YES;
				CLANG_WARN_OBJC_ROOT_CLASS = YES_ERROR;
				CLANG_WARN_UNREACHABLE_CODE = YES;
				CLANG_WARN__DUPLICATE_METHOD_MATCH = YES;
				"CODE_SIGN_IDENTITY[sdk=iphoneos*]" = "iPhone Developer";
				COPY_PHASE_STRIP = NO;
				DEBUG_INFORMATION_FORMAT = "dwarf-with-dsym";
				ENABLE_NS_ASSERTIONS = NO;
				ENABLE_STRICT_OBJC_MSGSEND = YES;
				GCC_C_LANGUAGE_STANDARD = gnu99;
				GCC_NO_COMMON_BLOCKS = YES;
				GCC_WARN_64_TO_32_BIT_CONVERSION = YES;
				GCC_WARN_ABOUT_RETURN_TYPE = YES_ERROR;
				GCC_WARN_UNDECLARED_SELECTOR = YES;
				GCC_WARN_UNINITIALIZED_AUTOS = YES_AGGRESSIVE;
				GCC_WARN_UNUSED_FUNCTION = YES;
				GCC_WARN_UNUSED_VARIABLE = YES;
				IPHONEOS_DEPLOYMENT_TARGET = 9.3;
				MTL_ENABLE_DEBUG_INFO = NO;
				SDKROOT = iphoneos;
				VALIDATE_PRODUCT = YES;
			};
			name = Release;
		};
		A41794B61FA057FC007986A2 /* Debug */ = {
			isa = XCBuildConfiguration;
			buildSettings = {
				ASSETCATALOG_COMPILER_APPICON_NAME = AppIcon;
				CODE_SIGN_IDENTITY = "iPhone Developer";
				INFOPLIST_FILE = FunFact/Info.plist;
				LD_RUNPATH_SEARCH_PATHS = "$(inherited) @executable_path/Frameworks";
				PRODUCT_BUNDLE_IDENTIFIER = com.kudubisa.FunFact;
				PRODUCT_NAME = "$(TARGET_NAME)";
			};
			name = Debug;
		};
		A41794B71FA057FC007986A2 /* Release */ = {
			isa = XCBuildConfiguration;
			buildSettings = {
				ASSETCATALOG_COMPILER_APPICON_NAME = AppIcon;
				CODE_SIGN_IDENTITY = "iPhone Developer";
				INFOPLIST_FILE = FunFact/Info.plist;
				LD_RUNPATH_SEARCH_PATHS = "$(inherited) @executable_path/Frameworks";
				PRODUCT_BUNDLE_IDENTIFIER = com.kudubisa.FunFact;
				PRODUCT_NAME = "$(TARGET_NAME)";
			};
			name = Release;
		};
/* End XCBuildConfiguration section */

/* Begin XCConfigurationList section */
		A417949E1FA057FB007986A2 /* Build configuration list for PBXProject "FunFact" */ = {
			isa = XCConfigurationList;
			buildConfigurations = (
				A41794B31FA057FC007986A2 /* Debug */,
				A41794B41FA057FC007986A2 /* Release */,
			);
			defaultConfigurationIsVisible = 0;
			defaultConfigurationName = Release;
		};
		A41794B51FA057FC007986A2 /* Build configuration list for PBXNativeTarget "FunFact" */ = {
			isa = XCConfigurationList;
			buildConfigurations = (
				A41794B61FA057FC007986A2 /* Debug */,
				A41794B71FA057FC007986A2 /* Release */,
			);
			defaultConfigurationIsVisible = 0;
		};
/* End XCConfigurationList section */
	};
	rootObject = A417949B1FA057FB007986A2 /* Project object */;
}
